
Microsoft Visual Studio Solution File, Format Version 12.00
# Visual Studio 15
VisualStudioVersion = 15.0.26430.16
MinimumVisualStudioVersion = 10.0.40219.1
Project("{FAE04EC0-301F-11D3-BF4B-00C04F79EFBC}") = "SiteCumparaturiBootstrapTest", "SiteCumparaturiBootstrapTest\SiteCumparaturiBootstrapTest.csproj", "{F7D4700D-7F26-4373-B361-4C9B79144CFB}"
EndProject
Project("{FAE04EC0-301F-11D3-BF4B-00C04F79EFBC}") = "MakeTemplate", "MakeTemplate\MakeTemplate.csproj", "{FF4B2387-5D04-4748-BA41-57CC75BEE0C7}"
EndProject
Global
	GlobalSection(SolutionConfigurationPlatforms) = preSolution
		Debug|Any CPU = Debug|Any CPU
		Release|Any CPU = Release|Any CPU
	EndGlobalSection
	GlobalSection(ProjectConfigurationPlatforms) = postSolution
		{F7D4700D-7F26-4373-B361-4C9B79144CFB}.Debug|Any CPU.ActiveCfg = Debug|Any CPU
		{F7D4700D-7F26-4373-B361-4C9B79144CFB}.Debug|Any CPU.Build.0 = Debug|Any CPU
		{F7D4700D-7F26-4373-B361-4C9B79144CFB}.Release|Any CPU.ActiveCfg = Release|Any CPU
		{F7D4700D-7F26-4373-B361-4C9B79144CFB}.Release|Any CPU.Build.0 = Release|Any CPU
		{FF4B2387-5D04-4748-BA41-57CC75BEE0C7}.Debug|Any CPU.ActiveCfg = Debug|Any CPU
		{FF4B2387-5D04-4748-BA41-57CC75BEE0C7}.Debug|Any CPU.Build.0 = Debug|Any CPU
		{FF4B2387-5D04-4748-BA41-57CC75BEE0C7}.Release|Any CPU.ActiveCfg = Release|Any CPU
		{FF4B2387-5D04-4748-BA41-57CC75BEE0C7}.Release|Any CPU.Build.0 = Release|Any CPU
	EndGlobalSection
	GlobalSection(SolutionProperties) = preSolution
		HideSolutionNode = FALSE
	EndGlobalSection
EndGlobal
